// !$*UTF8*$!
{
	archiveVersion = 1;
	classes = {
	};
	objectVersion = 50;
	objects = {

/* Begin PBXBuildFile section */
		C906D1F224BBBAC500A2FC66 /* AppDelegate.swift in Sources */ = {isa = PBXBuildFile; fileRef = C906D1F124BBBAC500A2FC66 /* AppDelegate.swift */; };
		C906D1F424BBBAC500A2FC66 /* SceneDelegate.swift in Sources */ = {isa = PBXBuildFile; fileRef = C906D1F324BBBAC500A2FC66 /* SceneDelegate.swift */; };
		C906D1F924BBBAC500A2FC66 /* Main.storyboard in Resources */ = {isa = PBXBuildFile; fileRef = C906D1F724BBBAC500A2FC66 /* Main.storyboard */; };
		C906D1FB24BBBAC700A2FC66 /* Assets.xcassets in Resources */ = {isa = PBXBuildFile; fileRef = C906D1FA24BBBAC700A2FC66 /* Assets.xcassets */; };
		C906D1FE24BBBAC700A2FC66 /* LaunchScreen.storyboard in Resources */ = {isa = PBXBuildFile; fileRef = C906D1FC24BBBAC700A2FC66 /* LaunchScreen.storyboard */; };
		C906D20624BBBBE300A2FC66 /* AudioCommentsTableViewController.swift in Sources */ = {isa = PBXBuildFile; fileRef = C906D20524BBBBE300A2FC66 /* AudioCommentsTableViewController.swift */; };
		C906D20924BBBCB800A2FC66 /* RecordingViewController.swift in Sources */ = {isa = PBXBuildFile; fileRef = C906D20824BBBCB800A2FC66 /* RecordingViewController.swift */; };
		C906D20B24BBBE7500A2FC66 /* ListenViewController.swift in Sources */ = {isa = PBXBuildFile; fileRef = C906D20A24BBBE7500A2FC66 /* ListenViewController.swift */; };
		C906D20D24BBBEBB00A2FC66 /* AudioVisualizer.swift in Sources */ = {isa = PBXBuildFile; fileRef = C906D20C24BBBEBB00A2FC66 /* AudioVisualizer.swift */; };
		C906D21024BBCB8F00A2FC66 /* UIColor+Extension.swift in Sources */ = {isa = PBXBuildFile; fileRef = C906D20F24BBCB8F00A2FC66 /* UIColor+Extension.swift */; };
		C906D21224BBD7AF00A2FC66 /* Recording.swift in Sources */ = {isa = PBXBuildFile; fileRef = C906D21124BBD7AF00A2FC66 /* Recording.swift */; };
		C906D21524BBD85100A2FC66 /* RecordingController.swift in Sources */ = {isa = PBXBuildFile; fileRef = C906D21424BBD85100A2FC66 /* RecordingController.swift */; };
/* End PBXBuildFile section */

/* Begin PBXFileReference section */
		C906D1EE24BBBAC500A2FC66 /* AudioTimeline.app */ = {isa = PBXFileReference; explicitFileType = wrapper.application; includeInIndex = 0; path = AudioTimeline.app; sourceTree = BUILT_PRODUCTS_DIR; };
		C906D1F124BBBAC500A2FC66 /* AppDelegate.swift */ = {isa = PBXFileReference; lastKnownFileType = sourcecode.swift; path = AppDelegate.swift; sourceTree = "<group>"; };
		C906D1F324BBBAC500A2FC66 /* SceneDelegate.swift */ = {isa = PBXFileReference; lastKnownFileType = sourcecode.swift; path = SceneDelegate.swift; sourceTree = "<group>"; };
		C906D1F824BBBAC500A2FC66 /* Base */ = {isa = PBXFileReference; lastKnownFileType = file.storyboard; name = Base; path = Base.lproj/Main.storyboard; sourceTree = "<group>"; };
		C906D1FA24BBBAC700A2FC66 /* Assets.xcassets */ = {isa = PBXFileReference; lastKnownFileType = folder.assetcatalog; path = Assets.xcassets; sourceTree = "<group>"; };
		C906D1FD24BBBAC700A2FC66 /* Base */ = {isa = PBXFileReference; lastKnownFileType = file.storyboard; name = Base; path = Base.lproj/LaunchScreen.storyboard; sourceTree = "<group>"; };
		C906D1FF24BBBAC700A2FC66 /* Info.plist */ = {isa = PBXFileReference; lastKnownFileType = text.plist.xml; path = Info.plist; sourceTree = "<group>"; };
		C906D20524BBBBE300A2FC66 /* AudioCommentsTableViewController.swift */ = {isa = PBXFileReference; lastKnownFileType = sourcecode.swift; path = AudioCommentsTableViewController.swift; sourceTree = "<group>"; };
		C906D20824BBBCB800A2FC66 /* RecordingViewController.swift */ = {isa = PBXFileReference; lastKnownFileType = sourcecode.swift; path = RecordingViewController.swift; sourceTree = "<group>"; };
		C906D20A24BBBE7500A2FC66 /* ListenViewController.swift */ = {isa = PBXFileReference; lastKnownFileType = sourcecode.swift; path = ListenViewController.swift; sourceTree = "<group>"; };
		C906D20C24BBBEBB00A2FC66 /* AudioVisualizer.swift */ = {isa = PBXFileReference; lastKnownFileType = sourcecode.swift; path = AudioVisualizer.swift; sourceTree = "<group>"; };
		C906D20F24BBCB8F00A2FC66 /* UIColor+Extension.swift */ = {isa = PBXFileReference; lastKnownFileType = sourcecode.swift; path = "UIColor+Extension.swift"; sourceTree = "<group>"; };
		C906D21124BBD7AF00A2FC66 /* Recording.swift */ = {isa = PBXFileReference; lastKnownFileType = sourcecode.swift; path = Recording.swift; sourceTree = "<group>"; };
		C906D21424BBD85100A2FC66 /* RecordingController.swift */ = {isa = PBXFileReference; lastKnownFileType = sourcecode.swift; path = RecordingController.swift; sourceTree = "<group>"; };
/* End PBXFileReference section */

/* Begin PBXFrameworksBuildPhase section */
		C906D1EB24BBBAC500A2FC66 /* Frameworks */ = {
			isa = PBXFrameworksBuildPhase;
			buildActionMask = 2147483647;
			files = (
			);
			runOnlyForDeploymentPostprocessing = 0;
		};
/* End PBXFrameworksBuildPhase section */

/* Begin PBXGroup section */
		C906D1E524BBBAC500A2FC66 = {
			isa = PBXGroup;
			children = (
				C906D1F024BBBAC500A2FC66 /* AudioTimeline */,
				C906D1EF24BBBAC500A2FC66 /* Products */,
			);
			sourceTree = "<group>";
		};
		C906D1EF24BBBAC500A2FC66 /* Products */ = {
			isa = PBXGroup;
			children = (
				C906D1EE24BBBAC500A2FC66 /* AudioTimeline.app */,
			);
			name = Products;
			sourceTree = "<group>";
		};
		C906D1F024BBBAC500A2FC66 /* AudioTimeline */ = {
			isa = PBXGroup;
			children = (
				C906D1F124BBBAC500A2FC66 /* AppDelegate.swift */,
				C906D1F324BBBAC500A2FC66 /* SceneDelegate.swift */,
				C906D1F724BBBAC500A2FC66 /* Main.storyboard */,
				C906D1FA24BBBAC700A2FC66 /* Assets.xcassets */,
				C906D1FC24BBBAC700A2FC66 /* LaunchScreen.storyboard */,
				C906D1FF24BBBAC700A2FC66 /* Info.plist */,
				C906D20724BBBBEA00A2FC66 /* View Controllers */,
				C906D20E24BBBED000A2FC66 /* Resources */,
				C906D21324BBD83E00A2FC66 /* Models */,
			);
			path = AudioTimeline;
			sourceTree = "<group>";
		};
		C906D20724BBBBEA00A2FC66 /* View Controllers */ = {
			isa = PBXGroup;
			children = (
				C906D20524BBBBE300A2FC66 /* AudioCommentsTableViewController.swift */,
				C906D20824BBBCB800A2FC66 /* RecordingViewController.swift */,
				C906D20A24BBBE7500A2FC66 /* ListenViewController.swift */,
			);
			path = "View Controllers";
			sourceTree = "<group>";
		};
		C906D20E24BBBED000A2FC66 /* Resources */ = {
			isa = PBXGroup;
			children = (
				C906D20C24BBBEBB00A2FC66 /* AudioVisualizer.swift */,
				C906D20F24BBCB8F00A2FC66 /* UIColor+Extension.swift */,
			);
			path = Resources;
			sourceTree = "<group>";
		};
		C906D21324BBD83E00A2FC66 /* Models */ = {
			isa = PBXGroup;
			children = (
				C906D21124BBD7AF00A2FC66 /* Recording.swift */,
				C906D21424BBD85100A2FC66 /* RecordingController.swift */,
			);
			path = Models;
			sourceTree = "<group>";
		};
/* End PBXGroup section */

/* Begin PBXNativeTarget section */
		C906D1ED24BBBAC500A2FC66 /* AudioTimeline */ = {
			isa = PBXNativeTarget;
			buildConfigurationList = C906D20224BBBAC700A2FC66 /* Build configuration list for PBXNativeTarget "AudioTimeline" */;
			buildPhases = (
				C906D1EA24BBBAC500A2FC66 /* Sources */,
				C906D1EB24BBBAC500A2FC66 /* Frameworks */,
				C906D1EC24BBBAC500A2FC66 /* Resources */,
			);
			buildRules = (
			);
			dependencies = (
			);
			name = AudioTimeline;
			productName = AudioTimeline;
			productReference = C906D1EE24BBBAC500A2FC66 /* AudioTimeline.app */;
			productType = "com.apple.product-type.application";
		};
/* End PBXNativeTarget section */

/* Begin PBXProject section */
		C906D1E624BBBAC500A2FC66 /* Project object */ = {
			isa = PBXProject;
			attributes = {
				LastSwiftUpdateCheck = 1140;
				LastUpgradeCheck = 1140;
				ORGANIZATIONNAME = "Matthew Martindale";
				TargetAttributes = {
					C906D1ED24BBBAC500A2FC66 = {
						CreatedOnToolsVersion = 11.4.1;
					};
				};
			};
			buildConfigurationList = C906D1E924BBBAC500A2FC66 /* Build configuration list for PBXProject "AudioTimeline" */;
			compatibilityVersion = "Xcode 9.3";
			developmentRegion = en;
			hasScannedForEncodings = 0;
			knownRegions = (
				en,
				Base,
			);
			mainGroup = C906D1E524BBBAC500A2FC66;
			productRefGroup = C906D1EF24BBBAC500A2FC66 /* Products */;
			projectDirPath = "";
			projectRoot = "";
			targets = (
				C906D1ED24BBBAC500A2FC66 /* AudioTimeline */,
			);
		};
/* End PBXProject section */

/* Begin PBXResourcesBuildPhase section */
		C906D1EC24BBBAC500A2FC66 /* Resources */ = {
			isa = PBXResourcesBuildPhase;
			buildActionMask = 2147483647;
			files = (
				C906D1FE24BBBAC700A2FC66 /* LaunchScreen.storyboard in Resources */,
				C906D1FB24BBBAC700A2FC66 /* Assets.xcassets in Resources */,
				C906D1F924BBBAC500A2FC66 /* Main.storyboard in Resources */,
			);
			runOnlyForDeploymentPostprocessing = 0;
		};
/* End PBXResourcesBuildPhase section */

/* Begin PBXSourcesBuildPhase section */
		C906D1EA24BBBAC500A2FC66 /* Sources */ = {
			isa = PBXSourcesBuildPhase;
			buildActionMask = 2147483647;
			files = (
				C906D21024BBCB8F00A2FC66 /* UIColor+Extension.swift in Sources */,
				C906D20924BBBCB800A2FC66 /* RecordingViewController.swift in Sources */,
				C906D20624BBBBE300A2FC66 /* AudioCommentsTableViewController.swift in Sources */,
				C906D1F224BBBAC500A2FC66 /* AppDelegate.swift in Sources */,
				C906D20B24BBBE7500A2FC66 /* ListenViewController.swift in Sources */,
				C906D21524BBD85100A2FC66 /* RecordingController.swift in Sources */,
				C906D20D24BBBEBB00A2FC66 /* AudioVisualizer.swift in Sources */,
				C906D1F424BBBAC500A2FC66 /* SceneDelegate.swift in Sources */,
				C906D21224BBD7AF00A2FC66 /* Recording.swift in Sources */,
			);
			runOnlyForDeploymentPostprocessing = 0;
		};
/* End PBXSourcesBuildPhase section */

/* Begin PBXVariantGroup section */
		C906D1F724BBBAC500A2FC66 /* Main.storyboard */ = {
			isa = PBXVariantGroup;
			children = (
				C906D1F824BBBAC500A2FC66 /* Base */,
			);
			name = Main.storyboard;
			sourceTree = "<group>";
		};
		C906D1FC24BBBAC700A2FC66 /* LaunchScreen.storyboard */ = {
			isa = PBXVariantGroup;
			children = (
				C906D1FD24BBBAC700A2FC66 /* Base */,
			);
			name = LaunchScreen.storyboard;
			sourceTree = "<group>";
		};
/* End PBXVariantGroup section */

/* Begin XCBuildConfiguration section */
		C906D20024BBBAC700A2FC66 /* Debug */ = {
			isa = XCBuildConfiguration;
			buildSettings = {
				ALWAYS_SEARCH_USER_PATHS = NO;
				CLANG_ANALYZER_NONNULL = YES;
				CLANG_ANALYZER_NUMBER_OBJECT_CONVERSION = YES_AGGRESSIVE;
				CLANG_CXX_LANGUAGE_STANDARD = "gnu++14";
				CLANG_CXX_LIBRARY = "libc++";
				CLANG_ENABLE_MODULES = YES;
				CLANG_ENABLE_OBJC_ARC = YES;
				CLANG_ENABLE_OBJC_WEAK = YES;
				CLANG_WARN_BLOCK_CAPTURE_AUTORELEASING = YES;
				CLANG_WARN_BOOL_CONVERSION = YES;
				CLANG_WARN_COMMA = YES;
				CLANG_WARN_CONSTANT_CONVERSION = YES;
				CLANG_WARN_DEPRECATED_OBJC_IMPLEMENTATIONS = YES;
				CLANG_WARN_DIRECT_OBJC_ISA_USAGE = YES_ERROR;
				CLANG_WARN_DOCUMENTATION_COMMENTS = YES;
				CLANG_WARN_EMPTY_BODY = YES;
				CLANG_WARN_ENUM_CONVERSION = YES;
				CLANG_WARN_INFINITE_RECURSION = YES;
				CLANG_WARN_INT_CONVERSION = YES;
				CLANG_WARN_NON_LITERAL_NULL_CONVERSION = YES;
				CLANG_WARN_OBJC_IMPLICIT_RETAIN_SELF = YES;
				CLANG_WARN_OBJC_LITERAL_CONVERSION = YES;
				CLANG_WARN_OBJC_ROOT_CLASS = YES_ERROR;
				CLANG_WARN_RANGE_LOOP_ANALYSIS = YES;
				CLANG_WARN_STRICT_PROTOTYPES = YES;
				CLANG_WARN_SUSPICIOUS_MOVE = YES;
				CLANG_WARN_UNGUARDED_AVAILABILITY = YES_AGGRESSIVE;
				CLANG_WARN_UNREACHABLE_CODE = YES;
				CLANG_WARN__DUPLICATE_METHOD_MATCH = YES;
				COPY_PHASE_STRIP = NO;
				DEBUG_INFORMATION_FORMAT = dwarf;
				ENABLE_STRICT_OBJC_MSGSEND = YES;
				ENABLE_TESTABILITY = YES;
				GCC_C_LANGUAGE_STANDARD = gnu11;
				GCC_DYNAMIC_NO_PIC = NO;
				GCC_NO_COMMON_BLOCKS = YES;
				GCC_OPTIMIZATION_LEVEL = 0;
				GCC_PREPROCESSOR_DEFINITIONS = (
					"DEBUG=1",
					"$(inherited)",
				);
				GCC_WARN_64_TO_32_BIT_CONVERSION = YES;
				GCC_WARN_ABOUT_RETURN_TYPE = YES_ERROR;
				GCC_WARN_UNDECLARED_SELECTOR = YES;
				GCC_WARN_UNINITIALIZED_AUTOS = YES_AGGRESSIVE;
				GCC_WARN_UNUSED_FUNCTION = YES;
				GCC_WARN_UNUSED_VARIABLE = YES;
				IPHONEOS_DEPLOYMENT_TARGET = 13.4;
				MTL_ENABLE_DEBUG_INFO = INCLUDE_SOURCE;
				MTL_FAST_MATH = YES;
				ONLY_ACTIVE_ARCH = YES;
				SDKROOT = iphoneos;
				SWIFT_ACTIVE_COMPILATION_CONDITIONS = DEBUG;
				SWIFT_OPTIMIZATION_LEVEL = "-Onone";
			};
			name = Debug;
		};
		C906D20124BBBAC700A2FC66 /* Release */ = {
			isa = XCBuildConfiguration;
			buildSettings = {
				ALWAYS_SEARCH_USER_PATHS = NO;
				CLANG_ANALYZER_NONNULL = YES;
				CLANG_ANALYZER_NUMBER_OBJECT_CONVERSION = YES_AGGRESSIVE;
				CLANG_CXX_LANGUAGE_STANDARD = "gnu++14";
				CLANG_CXX_LIBRARY = "libc++";
				CLANG_ENABLE_MODULES = YES;
				CLANG_ENABLE_OBJC_ARC = YES;
				CLANG_ENABLE_OBJC_WEAK = YES;
				CLANG_WARN_BLOCK_CAPTURE_AUTORELEASING = YES;
				CLANG_WARN_BOOL_CONVERSION = YES;
				CLANG_WARN_COMMA = YES;
				CLANG_WARN_CONSTANT_CONVERSION = YES;
				CLANG_WARN_DEPRECATED_OBJC_IMPLEMENTATIONS = YES;
				CLANG_WARN_DIRECT_OBJC_ISA_USAGE = YES_ERROR;
				CLANG_WARN_DOCUMENTATION_COMMENTS = YES;
				CLANG_WARN_EMPTY_BODY = YES;
				CLANG_WARN_ENUM_CONVERSION = YES;
				CLANG_WARN_INFINITE_RECURSION = YES;
				CLANG_WARN_INT_CONVERSION = YES;
				CLANG_WARN_NON_LITERAL_NULL_CONVERSION = YES;
				CLANG_WARN_OBJC_IMPLICIT_RETAIN_SELF = YES;
				CLANG_WARN_OBJC_LITERAL_CONVERSION = YES;
				CLANG_WARN_OBJC_ROOT_CLASS = YES_ERROR;
				CLANG_WARN_RANGE_LOOP_ANALYSIS = YES;
				CLANG_WARN_STRICT_PROTOTYPES = YES;
				CLANG_WARN_SUSPICIOUS_MOVE = YES;
				CLANG_WARN_UNGUARDED_AVAILABILITY = YES_AGGRESSIVE;
				CLANG_WARN_UNREACHABLE_CODE = YES;
				CLANG_WARN__DUPLICATE_METHOD_MATCH = YES;
				COPY_PHASE_STRIP = NO;
				DEBUG_INFORMATION_FORMAT = "dwarf-with-dsym";
				ENABLE_NS_ASSERTIONS = NO;
				ENABLE_STRICT_OBJC_MSGSEND = YES;
				GCC_C_LANGUAGE_STANDARD = gnu11;
				GCC_NO_COMMON_BLOCKS = YES;
				GCC_WARN_64_TO_32_BIT_CONVERSION = YES;
				GCC_WARN_ABOUT_RETURN_TYPE = YES_ERROR;
				GCC_WARN_UNDECLARED_SELECTOR = YES;
				GCC_WARN_UNINITIALIZED_AUTOS = YES_AGGRESSIVE;
				GCC_WARN_UNUSED_FUNCTION = YES;
				GCC_WARN_UNUSED_VARIABLE = YES;
				IPHONEOS_DEPLOYMENT_TARGET = 13.4;
				MTL_ENABLE_DEBUG_INFO = NO;
				MTL_FAST_MATH = YES;
				SDKROOT = iphoneos;
				SWIFT_COMPILATION_MODE = wholemodule;
				SWIFT_OPTIMIZATION_LEVEL = "-O";
				VALIDATE_PRODUCT = YES;
			};
			name = Release;
		};
		C906D20324BBBAC700A2FC66 /* Debug */ = {
			isa = XCBuildConfiguration;
			buildSettings = {
				ASSETCATALOG_COMPILER_APPICON_NAME = AppIcon;
				CODE_SIGN_STYLE = Automatic;
				INFOPLIST_FILE = AudioTimeline/Info.plist;
				IPHONEOS_DEPLOYMENT_TARGET = 13.4;
				LD_RUNPATH_SEARCH_PATHS = (
					"$(inherited)",
					"@executable_path/Frameworks",
				);
				PRODUCT_BUNDLE_IDENTIFIER = com.mattmartindale.AudioTimeline;
				PRODUCT_NAME = "$(TARGET_NAME)";
				SWIFT_VERSION = 5.0;
				TARGETED_DEVICE_FAMILY = "1,2";
			};
			name = Debug;
		};
		C906D20424BBBAC700A2FC66 /* Release */ = {
			isa = XCBuildConfiguration;
			buildSettings = {
				ASSETCATALOG_COMPILER_APPICON_NAME = AppIcon;
				CODE_SIGN_STYLE = Automatic;
				INFOPLIST_FILE = AudioTimeline/Info.plist;
				IPHONEOS_DEPLOYMENT_TARGET = 13.4;
				LD_RUNPATH_SEARCH_PATHS = (
					"$(inherited)",
					"@executable_path/Frameworks",
				);
				PRODUCT_BUNDLE_IDENTIFIER = com.mattmartindale.AudioTimeline;
				PRODUCT_NAME = "$(TARGET_NAME)";
				SWIFT_VERSION = 5.0;
				TARGETED_DEVICE_FAMILY = "1,2";
			};
			name = Release;
		};
/* End XCBuildConfiguration section */

/* Begin XCConfigurationList section */
		C906D1E924BBBAC500A2FC66 /* Build configuration list for PBXProject "AudioTimeline" */ = {
			isa = XCConfigurationList;
			buildConfigurations = (
				C906D20024BBBAC700A2FC66 /* Debug */,
				C906D20124BBBAC700A2FC66 /* Release */,
			);
			defaultConfigurationIsVisible = 0;
			defaultConfigurationName = Release;
		};
		C906D20224BBBAC700A2FC66 /* Build configuration list for PBXNativeTarget "AudioTimeline" */ = {
			isa = XCConfigurationList;
			buildConfigurations = (
				C906D20324BBBAC700A2FC66 /* Debug */,
				C906D20424BBBAC700A2FC66 /* Release */,
			);
			defaultConfigurationIsVisible = 0;
			defaultConfigurationName = Release;
		};
/* End XCConfigurationList section */
	};
	rootObject = C906D1E624BBBAC500A2FC66 /* Project object */;
}
